schema: '2.0'
stages:
  data_ingestion:
    cmd: cd src && python data_ingestion.py
    deps:
    - path: src/data_ingestion.py
      hash: md5
      md5: 34ac7212ea927e7b29a79693bcec0446
      size: 3651
    params:
      params.yaml:
        data_ingestion.test_size: 0.2
    outs:
    - path: src/data/raw
      hash: md5
      md5: 04dd235295cb72c313e376c794dbd399.dir
      size: 484846
      nfiles: 2
  data_preprocessing:
    cmd: cd src && python data_preprocessing.py
    deps:
    - path: src/data/raw
      hash: md5
      md5: 04dd235295cb72c313e376c794dbd399.dir
      size: 484846
      nfiles: 2
    - path: src/data_preprocessing.py
      hash: md5
      md5: ae0059b79590609927f72e3c373f1865
      size: 3973
    outs:
    - path: src/data/interim
      hash: md5
      md5: a93065f5a2727e5e7dd327b4604144d5.dir
      size: 261440
      nfiles: 2
  feature_engineering:
    cmd: cd src && python feature_engineering.py
    deps:
    - path: src/data/interim
      hash: md5
      md5: a93065f5a2727e5e7dd327b4604144d5.dir
      size: 261440
      nfiles: 2
    - path: src/feature_engineering.py
      hash: md5
      md5: a75ba174b8694527198b853e760523d9
      size: 3913
    params:
      params.yaml:
        feature_engineering.max_features: 35
    outs:
    - path: src/data/processed
      hash: md5
      md5: ae5c8ed95dc6aa187a19aef065d50275.dir
      size: 838015
      nfiles: 2
  model_building:
    cmd: cd src && python model_training.py
    deps:
    - path: src/data/processed
      hash: md5
      md5: ae5c8ed95dc6aa187a19aef065d50275.dir
      size: 838015
      nfiles: 2
    - path: src/model_training.py
      hash: md5
      md5: 13971919d5f6d9ee226e2d61a7920315
      size: 4426
    params:
      params.yaml:
        model_building.n_estimators: 22
        model_building.random_state: 2
    outs:
    - path: src/models/model.pkl
      hash: md5
      md5: 02330eee4ae57280c097e1fc06a62c26
      size: 701427
  model_evaluation:
    cmd: cd src && python model_evaluation.py
    deps:
    - path: src/model_evaluation.py
      hash: md5
      md5: 412cd6b8b286354de365332adde407c3
      size: 4642
    - path: src/models/model.pkl
      hash: md5
      md5: 02330eee4ae57280c097e1fc06a62c26
      size: 701427
    outs:
    - path: src/reports/metrics.json
      hash: md5
      md5: b212b77d473e8f8bf5b7dbc68d65807e
      size: 145
