schema: '2.0'
stages:
  data_ingestion:
    cmd: cd src && python data_ingestion.py
    deps:
    - path: src/data_ingestion.py
      hash: md5
      md5: f581186cfa7dbd73f9e577886941c047
      size: 3635
    params:
      params.yaml:
        data_ingestion.test_size: 0.15
    outs:
    - path: src/data/raw
      hash: md5
      md5: a15ba66afdf82f8659b031b175286ed3.dir
      size: 484846
      nfiles: 2
  data_preprocessing:
    cmd: cd src && python data_preprocessing.py
    deps:
    - path: src/data/raw
      hash: md5
      md5: a15ba66afdf82f8659b031b175286ed3.dir
      size: 484846
      nfiles: 2
    - path: src/data_preprocessing.py
      hash: md5
      md5: ae0059b79590609927f72e3c373f1865
      size: 3973
    outs:
    - path: src/data/interim
      hash: md5
      md5: 60a6fff4e80508df65a68e383fa2725e.dir
      size: 259164
      nfiles: 2
  feature_engineering:
    cmd: cd src && python feature_engineering.py
    deps:
    - path: src/data/interim
      hash: md5
      md5: 60a6fff4e80508df65a68e383fa2725e.dir
      size: 259164
      nfiles: 2
    - path: src/feature_engineering.py
      hash: md5
      md5: a75ba174b8694527198b853e760523d9
      size: 3913
    params:
      params.yaml:
        feature_engineering.max_features: 40
    outs:
    - path: src/data/processed
      hash: md5
      md5: fceb43e727433ca548bb3fc2d2d287bb.dir
      size: 947924
      nfiles: 2
  model_building:
    cmd: cd src && python model_training.py
    deps:
    - path: src/data/processed
      hash: md5
      md5: fceb43e727433ca548bb3fc2d2d287bb.dir
      size: 947924
      nfiles: 2
    - path: src/model_training.py
      hash: md5
      md5: 13971919d5f6d9ee226e2d61a7920315
      size: 4426
    params:
      params.yaml:
        model_building.n_estimators: 22
        model_building.random_state: 2
    outs:
    - path: src/models/model.pkl
      hash: md5
      md5: f1acb84c751b3173481e20c201417d72
      size: 784645
  model_evaluation:
    cmd: cd src && python model_evaluation.py
    deps:
    - path: src/model_evaluation.py
      hash: md5
      md5: 412cd6b8b286354de365332adde407c3
      size: 4642
    - path: src/models/model.pkl
      hash: md5
      md5: f1acb84c751b3173481e20c201417d72
      size: 784645
    outs:
    - path: src/reports/metrics.json
      hash: md5
      md5: a6d98dd870f7e6560304d44c602962b6
      size: 145
